
Microsoft Visual Studio Solution File, Format Version 12.00
# Visual Studio Version 17
VisualStudioVersion = 17.7.34003.232
MinimumVisualStudioVersion = 10.0.40219.1
Project("{8BC9CEB8-8B4A-11D0-8D11-00A0C91BC942}") = "PasswordManager", "PasswordManager\PasswordManager.vcxproj", "{BD087A02-37BC-490E-98F4-B6897E90267A}"
EndProject
Global
	GlobalSection(SolutionConfigurationPlatforms) = preSolution
		Debug|Any CPU = Debug|Any CPU
		Debug|x64 = Debug|x64
		Debug|x86 = Debug|x86
		Release|Any CPU = Release|Any CPU
		Release|x64 = Release|x64
		Release|x86 = Release|x86
	EndGlobalSection
	GlobalSection(ProjectConfigurationPlatforms) = postSolution
		{BD087A02-37BC-490E-98F4-B6897E90267A}.Debug|Any CPU.ActiveCfg = Debug|x64
		{BD087A02-37BC-490E-98F4-B6897E90267A}.Debug|Any CPU.Build.0 = Debug|x64
		{BD087A02-37BC-490E-98F4-B6897E90267A}.Debug|x64.ActiveCfg = Debug|x64
		{BD087A02-37BC-490E-98F4-B6897E90267A}.Debug|x64.Build.0 = Debug|x64
		{BD087A02-37BC-490E-98F4-B6897E90267A}.Debug|x86.ActiveCfg = Debug|Win32
		{BD087A02-37BC-490E-98F4-B6897E90267A}.Debug|x86.Build.0 = Debug|Win32
		{BD087A02-37BC-490E-98F4-B6897E90267A}.Release|Any CPU.ActiveCfg = Release|x64
		{BD087A02-37BC-490E-98F4-B6897E90267A}.Release|Any CPU.Build.0 = Release|x64
		{BD087A02-37BC-490E-98F4-B6897E90267A}.Release|x64.ActiveCfg = Release|x64
		{BD087A02-37BC-490E-98F4-B6897E90267A}.Release|x64.Build.0 = Release|x64
		{BD087A02-37BC-490E-98F4-B6897E90267A}.Release|x86.ActiveCfg = Release|Win32
		{BD087A02-37BC-490E-98F4-B6897E90267A}.Release|x86.Build.0 = Release|Win32
	EndGlobalSection
	GlobalSection(SolutionProperties) = preSolution
		HideSolutionNode = FALSE
	EndGlobalSection
	GlobalSection(ExtensibilityGlobals) = postSolution
		SolutionGuid = {66711004-C43F-4851-AB62-A18C2EDABBBB}
	EndGlobalSection
EndGlobal
